
Microsoft Visual Studio Solution File, Format Version 12.00
# Visual Studio 15
VisualStudioVersion = 15.0.27428.2043
MinimumVisualStudioVersion = 10.0.40219.1
Project("{FAE04EC0-301F-11D3-BF4B-00C04F79EFBC}") = "RosBridgeClient", "RosBridgeClient.csproj", "{27CD898A-8840-4CDD-A475-4A672FD2EF50}"
EndProject
Project("{FAE04EC0-301F-11D3-BF4B-00C04F79EFBC}") = "RosClient", "..\RosClient\RosClient.csproj", "{C7B1ADA3-87F5-4436-AAF7-BACBB5F7CFF3}"
EndProject
Global
	GlobalSection(SolutionConfigurationPlatforms) = preSolution
		Debug|Any CPU = Debug|Any CPU
		Release|Any CPU = Release|Any CPU
	EndGlobalSection
	GlobalSection(ProjectConfigurationPlatforms) = postSolution
		{27CD898A-8840-4CDD-A475-4A672FD2EF50}.Debug|Any CPU.ActiveCfg = Debug|Any CPU
		{27CD898A-8840-4CDD-A475-4A672FD2EF50}.Debug|Any CPU.Build.0 = Debug|Any CPU
		{27CD898A-8840-4CDD-A475-4A672FD2EF50}.Release|Any CPU.ActiveCfg = Release|Any CPU
		{27CD898A-8840-4CDD-A475-4A672FD2EF50}.Release|Any CPU.Build.0 = Release|Any CPU
		{C7B1ADA3-87F5-4436-AAF7-BACBB5F7CFF3}.Debug|Any CPU.ActiveCfg = Debug|Any CPU
		{C7B1ADA3-87F5-4436-AAF7-BACBB5F7CFF3}.Debug|Any CPU.Build.0 = Debug|Any CPU
		{C7B1ADA3-87F5-4436-AAF7-BACBB5F7CFF3}.Release|Any CPU.ActiveCfg = Release|Any CPU
		{C7B1ADA3-87F5-4436-AAF7-BACBB5F7CFF3}.Release|Any CPU.Build.0 = Release|Any CPU
	EndGlobalSection
	GlobalSection(SolutionProperties) = preSolution
		HideSolutionNode = FALSE
	EndGlobalSection
	GlobalSection(ExtensibilityGlobals) = postSolution
		SolutionGuid = {9F51B6EB-8AA2-469A-9B64-E4DE739C5F7E}
	EndGlobalSection
EndGlobal
